
Microsoft Visual Studio Solution File, Format Version 12.00
# Visual Studio Version 17
VisualStudioVersion = 17.8.34525.116
MinimumVisualStudioVersion = 10.0.40219.1
Project("{FAE04EC0-301F-11D3-BF4B-00C04F79EFBC}") = "WorldCupScoreBoard", "WorldCupScoreBoard\WorldCupScoreBoard.csproj", "{F13AC5DC-6460-432C-B530-E589319FC982}"
EndProject
Project("{FAE04EC0-301F-11D3-BF4B-00C04F79EFBC}") = "WorldCupScoreBoard.Test", "WorldCupScoreBoard.Test\WorldCupScoreBoard.Test.csproj", "{53714A35-5E22-492F-AAF5-B7A12B355C24}"
EndProject
Global
	GlobalSection(SolutionConfigurationPlatforms) = preSolution
		Debug|Any CPU = Debug|Any CPU
		Release|Any CPU = Release|Any CPU
	EndGlobalSection
	GlobalSection(ProjectConfigurationPlatforms) = postSolution
		{F13AC5DC-6460-432C-B530-E589319FC982}.Debug|Any CPU.ActiveCfg = Debug|Any CPU
		{F13AC5DC-6460-432C-B530-E589319FC982}.Debug|Any CPU.Build.0 = Debug|Any CPU
		{F13AC5DC-6460-432C-B530-E589319FC982}.Release|Any CPU.ActiveCfg = Release|Any CPU
		{F13AC5DC-6460-432C-B530-E589319FC982}.Release|Any CPU.Build.0 = Release|Any CPU
		{53714A35-5E22-492F-AAF5-B7A12B355C24}.Debug|Any CPU.ActiveCfg = Debug|Any CPU
		{53714A35-5E22-492F-AAF5-B7A12B355C24}.Debug|Any CPU.Build.0 = Debug|Any CPU
		{53714A35-5E22-492F-AAF5-B7A12B355C24}.Release|Any CPU.ActiveCfg = Release|Any CPU
		{53714A35-5E22-492F-AAF5-B7A12B355C24}.Release|Any CPU.Build.0 = Release|Any CPU
	EndGlobalSection
	GlobalSection(SolutionProperties) = preSolution
		HideSolutionNode = FALSE
	EndGlobalSection
	GlobalSection(ExtensibilityGlobals) = postSolution
		SolutionGuid = {733370F5-8A1C-477C-BDCD-1FB34BFB7FC3}
	EndGlobalSection
EndGlobal
